// !$*UTF8*$!
{
	archiveVersion = 1;
	classes = {
	};
	objectVersion = 56;
	objects = {

/* Begin PBXBuildFile section */
		DF4AE2362C56615800479B49 /* WorkoutCard.swift in Sources */ = {isa = PBXBuildFile; fileRef = DF4AE2352C56615800479B49 /* WorkoutCard.swift */; };
		DF4AE2382C567B6900479B49 /* HomeViewModel.swift in Sources */ = {isa = PBXBuildFile; fileRef = DF4AE2372C567B6900479B49 /* HomeViewModel.swift */; };
		DF4AE23D2C567F2300479B49 /* Activity.swift in Sources */ = {isa = PBXBuildFile; fileRef = DF4AE23C2C567F2300479B49 /* Activity.swift */; };
		DF4AE23F2C567F6800479B49 /* Workout.swift in Sources */ = {isa = PBXBuildFile; fileRef = DF4AE23E2C567F6800479B49 /* Workout.swift */; };
		DFF4B5812C53F9BA00708BB8 /* FitnessAppApp.swift in Sources */ = {isa = PBXBuildFile; fileRef = DFF4B5802C53F9BA00708BB8 /* FitnessAppApp.swift */; };
		DFF4B5832C53F9BA00708BB8 /* ContentView.swift in Sources */ = {isa = PBXBuildFile; fileRef = DFF4B5822C53F9BA00708BB8 /* ContentView.swift */; };
		DFF4B5852C53F9BC00708BB8 /* Assets.xcassets in Resources */ = {isa = PBXBuildFile; fileRef = DFF4B5842C53F9BC00708BB8 /* Assets.xcassets */; };
		DFF4B5882C53F9BC00708BB8 /* Preview Assets.xcassets in Resources */ = {isa = PBXBuildFile; fileRef = DFF4B5872C53F9BC00708BB8 /* Preview Assets.xcassets */; };
		DFF4B58F2C54045800708BB8 /* FitnessTabView.swift in Sources */ = {isa = PBXBuildFile; fileRef = DFF4B58E2C54045800708BB8 /* FitnessTabView.swift */; };
		DFF4B5912C54049A00708BB8 /* HomeView.swift in Sources */ = {isa = PBXBuildFile; fileRef = DFF4B5902C54049A00708BB8 /* HomeView.swift */; };
		DFF4B5932C54058300708BB8 /* HistoricDataView.swift in Sources */ = {isa = PBXBuildFile; fileRef = DFF4B5922C54058300708BB8 /* HistoricDataView.swift */; };
		DFF4B5952C54143F00708BB8 /* ProgressCircleView.swift in Sources */ = {isa = PBXBuildFile; fileRef = DFF4B5942C54143F00708BB8 /* ProgressCircleView.swift */; };
		DFF4B5982C541EA000708BB8 /* ActivityCard.swift in Sources */ = {isa = PBXBuildFile; fileRef = DFF4B5972C541EA000708BB8 /* ActivityCard.swift */; };
/* End PBXBuildFile section */

/* Begin PBXFileReference section */
		DF4AE2352C56615800479B49 /* WorkoutCard.swift */ = {isa = PBXFileReference; lastKnownFileType = sourcecode.swift; path = WorkoutCard.swift; sourceTree = "<group>"; };
		DF4AE2372C567B6900479B49 /* HomeViewModel.swift */ = {isa = PBXFileReference; lastKnownFileType = sourcecode.swift; path = HomeViewModel.swift; sourceTree = "<group>"; };
		DF4AE23C2C567F2300479B49 /* Activity.swift */ = {isa = PBXFileReference; lastKnownFileType = sourcecode.swift; path = Activity.swift; sourceTree = "<group>"; };
		DF4AE23E2C567F6800479B49 /* Workout.swift */ = {isa = PBXFileReference; lastKnownFileType = sourcecode.swift; path = Workout.swift; sourceTree = "<group>"; };
		DFF4B57D2C53F9BA00708BB8 /* FitnessApp.app */ = {isa = PBXFileReference; explicitFileType = wrapper.application; includeInIndex = 0; path = FitnessApp.app; sourceTree = BUILT_PRODUCTS_DIR; };
		DFF4B5802C53F9BA00708BB8 /* FitnessAppApp.swift */ = {isa = PBXFileReference; lastKnownFileType = sourcecode.swift; path = FitnessAppApp.swift; sourceTree = "<group>"; };
		DFF4B5822C53F9BA00708BB8 /* ContentView.swift */ = {isa = PBXFileReference; lastKnownFileType = sourcecode.swift; path = ContentView.swift; sourceTree = "<group>"; };
		DFF4B5842C53F9BC00708BB8 /* Assets.xcassets */ = {isa = PBXFileReference; lastKnownFileType = folder.assetcatalog; path = Assets.xcassets; sourceTree = "<group>"; };
		DFF4B5872C53F9BC00708BB8 /* Preview Assets.xcassets */ = {isa = PBXFileReference; lastKnownFileType = folder.assetcatalog; path = "Preview Assets.xcassets"; sourceTree = "<group>"; };
		DFF4B58E2C54045800708BB8 /* FitnessTabView.swift */ = {isa = PBXFileReference; lastKnownFileType = sourcecode.swift; path = FitnessTabView.swift; sourceTree = "<group>"; };
		DFF4B5902C54049A00708BB8 /* HomeView.swift */ = {isa = PBXFileReference; lastKnownFileType = sourcecode.swift; path = HomeView.swift; sourceTree = "<group>"; };
		DFF4B5922C54058300708BB8 /* HistoricDataView.swift */ = {isa = PBXFileReference; lastKnownFileType = sourcecode.swift; path = HistoricDataView.swift; sourceTree = "<group>"; };
		DFF4B5942C54143F00708BB8 /* ProgressCircleView.swift */ = {isa = PBXFileReference; lastKnownFileType = sourcecode.swift; path = ProgressCircleView.swift; sourceTree = "<group>"; };
		DFF4B5972C541EA000708BB8 /* ActivityCard.swift */ = {isa = PBXFileReference; lastKnownFileType = sourcecode.swift; path = ActivityCard.swift; sourceTree = "<group>"; };
/* End PBXFileReference section */

/* Begin PBXFrameworksBuildPhase section */
		DFF4B57A2C53F9BA00708BB8 /* Frameworks */ = {
			isa = PBXFrameworksBuildPhase;
			buildActionMask = 2147483647;
			files = (
			);
			runOnlyForDeploymentPostprocessing = 0;
		};
/* End PBXFrameworksBuildPhase section */

/* Begin PBXGroup section */
		DF4AE2392C567BCA00479B49 /* Views */ = {
			isa = PBXGroup;
			children = (
				DFF4B5972C541EA000708BB8 /* ActivityCard.swift */,
				DF4AE2352C56615800479B49 /* WorkoutCard.swift */,
				DFF4B5942C54143F00708BB8 /* ProgressCircleView.swift */,
				DFF4B5902C54049A00708BB8 /* HomeView.swift */,
			);
			path = Views;
			sourceTree = "<group>";
		};
		DF4AE23A2C567BCF00479B49 /* Models */ = {
			isa = PBXGroup;
			children = (
				DF4AE23C2C567F2300479B49 /* Activity.swift */,
				DF4AE23E2C567F6800479B49 /* Workout.swift */,
			);
			path = Models;
			sourceTree = "<group>";
		};
		DF4AE23B2C567BD400479B49 /* ViewModels */ = {
			isa = PBXGroup;
			children = (
				DF4AE2372C567B6900479B49 /* HomeViewModel.swift */,
			);
			path = ViewModels;
			sourceTree = "<group>";
		};
		DFF4B5742C53F9BA00708BB8 = {
			isa = PBXGroup;
			children = (
				DFF4B57F2C53F9BA00708BB8 /* FitnessApp */,
				DFF4B57E2C53F9BA00708BB8 /* Products */,
			);
			sourceTree = "<group>";
		};
		DFF4B57E2C53F9BA00708BB8 /* Products */ = {
			isa = PBXGroup;
			children = (
				DFF4B57D2C53F9BA00708BB8 /* FitnessApp.app */,
			);
			name = Products;
			sourceTree = "<group>";
		};
		DFF4B57F2C53F9BA00708BB8 /* FitnessApp */ = {
			isa = PBXGroup;
			children = (
				DFF4B5962C541E5D00708BB8 /* Home */,
				DFF4B5802C53F9BA00708BB8 /* FitnessAppApp.swift */,
				DFF4B5822C53F9BA00708BB8 /* ContentView.swift */,
				DFF4B5842C53F9BC00708BB8 /* Assets.xcassets */,
				DFF4B5862C53F9BC00708BB8 /* Preview Content */,
				DFF4B58E2C54045800708BB8 /* FitnessTabView.swift */,
				DFF4B5922C54058300708BB8 /* HistoricDataView.swift */,
			);
			path = FitnessApp;
			sourceTree = "<group>";
		};
		DFF4B5862C53F9BC00708BB8 /* Preview Content */ = {
			isa = PBXGroup;
			children = (
				DFF4B5872C53F9BC00708BB8 /* Preview Assets.xcassets */,
			);
			path = "Preview Content";
			sourceTree = "<group>";
		};
		DFF4B5962C541E5D00708BB8 /* Home */ = {
			isa = PBXGroup;
			children = (
				DF4AE23B2C567BD400479B49 /* ViewModels */,
				DF4AE23A2C567BCF00479B49 /* Models */,
				DF4AE2392C567BCA00479B49 /* Views */,
			);
			path = Home;
			sourceTree = "<group>";
		};
/* End PBXGroup section */

/* Begin PBXNativeTarget section */
		DFF4B57C2C53F9BA00708BB8 /* FitnessApp */ = {
			isa = PBXNativeTarget;
			buildConfigurationList = DFF4B58B2C53F9BC00708BB8 /* Build configuration list for PBXNativeTarget "FitnessApp" */;
			buildPhases = (
				DFF4B5792C53F9BA00708BB8 /* Sources */,
				DFF4B57A2C53F9BA00708BB8 /* Frameworks */,
				DFF4B57B2C53F9BA00708BB8 /* Resources */,
			);
			buildRules = (
			);
			dependencies = (
			);
			name = FitnessApp;
			productName = FitnessApp;
			productReference = DFF4B57D2C53F9BA00708BB8 /* FitnessApp.app */;
			productType = "com.apple.product-type.application";
		};
/* End PBXNativeTarget section */

/* Begin PBXProject section */
		DFF4B5752C53F9BA00708BB8 /* Project object */ = {
			isa = PBXProject;
			attributes = {
				BuildIndependentTargetsInParallel = 1;
				LastSwiftUpdateCheck = 1420;
				LastUpgradeCheck = 1420;
				TargetAttributes = {
					DFF4B57C2C53F9BA00708BB8 = {
						CreatedOnToolsVersion = 14.2;
					};
				};
			};
			buildConfigurationList = DFF4B5782C53F9BA00708BB8 /* Build configuration list for PBXProject "FitnessApp" */;
			compatibilityVersion = "Xcode 14.0";
			developmentRegion = en;
			hasScannedForEncodings = 0;
			knownRegions = (
				en,
				Base,
			);
			mainGroup = DFF4B5742C53F9BA00708BB8;
			productRefGroup = DFF4B57E2C53F9BA00708BB8 /* Products */;
			projectDirPath = "";
			projectRoot = "";
			targets = (
				DFF4B57C2C53F9BA00708BB8 /* FitnessApp */,
			);
		};
/* End PBXProject section */

/* Begin PBXResourcesBuildPhase section */
		DFF4B57B2C53F9BA00708BB8 /* Resources */ = {
			isa = PBXResourcesBuildPhase;
			buildActionMask = 2147483647;
			files = (
				DFF4B5882C53F9BC00708BB8 /* Preview Assets.xcassets in Resources */,
				DFF4B5852C53F9BC00708BB8 /* Assets.xcassets in Resources */,
			);
			runOnlyForDeploymentPostprocessing = 0;
		};
/* End PBXResourcesBuildPhase section */

/* Begin PBXSourcesBuildPhase section */
		DFF4B5792C53F9BA00708BB8 /* Sources */ = {
			isa = PBXSourcesBuildPhase;
			buildActionMask = 2147483647;
			files = (
				DF4AE23D2C567F2300479B49 /* Activity.swift in Sources */,
				DFF4B58F2C54045800708BB8 /* FitnessTabView.swift in Sources */,
				DF4AE2382C567B6900479B49 /* HomeViewModel.swift in Sources */,
				DF4AE2362C56615800479B49 /* WorkoutCard.swift in Sources */,
				DFF4B5952C54143F00708BB8 /* ProgressCircleView.swift in Sources */,
				DFF4B5912C54049A00708BB8 /* HomeView.swift in Sources */,
				DF4AE23F2C567F6800479B49 /* Workout.swift in Sources */,
				DFF4B5932C54058300708BB8 /* HistoricDataView.swift in Sources */,
				DFF4B5832C53F9BA00708BB8 /* ContentView.swift in Sources */,
				DFF4B5982C541EA000708BB8 /* ActivityCard.swift in Sources */,
				DFF4B5812C53F9BA00708BB8 /* FitnessAppApp.swift in Sources */,
			);
			runOnlyForDeploymentPostprocessing = 0;
		};
/* End PBXSourcesBuildPhase section */

/* Begin XCBuildConfiguration section */
		DFF4B5892C53F9BC00708BB8 /* Debug */ = {
			isa = XCBuildConfiguration;
			buildSettings = {
				ALWAYS_SEARCH_USER_PATHS = NO;
				CLANG_ANALYZER_NONNULL = YES;
				CLANG_ANALYZER_NUMBER_OBJECT_CONVERSION = YES_AGGRESSIVE;
				CLANG_CXX_LANGUAGE_STANDARD = "gnu++20";
				CLANG_ENABLE_MODULES = YES;
				CLANG_ENABLE_OBJC_ARC = YES;
				CLANG_ENABLE_OBJC_WEAK = YES;
				CLANG_WARN_BLOCK_CAPTURE_AUTORELEASING = YES;
				CLANG_WARN_BOOL_CONVERSION = YES;
				CLANG_WARN_COMMA = YES;
				CLANG_WARN_CONSTANT_CONVERSION = YES;
				CLANG_WARN_DEPRECATED_OBJC_IMPLEMENTATIONS = YES;
				CLANG_WARN_DIRECT_OBJC_ISA_USAGE = YES_ERROR;
				CLANG_WARN_DOCUMENTATION_COMMENTS = YES;
				CLANG_WARN_EMPTY_BODY = YES;
				CLANG_WARN_ENUM_CONVERSION = YES;
				CLANG_WARN_INFINITE_RECURSION = YES;
				CLANG_WARN_INT_CONVERSION = YES;
				CLANG_WARN_NON_LITERAL_NULL_CONVERSION = YES;
				CLANG_WARN_OBJC_IMPLICIT_RETAIN_SELF = YES;
				CLANG_WARN_OBJC_LITERAL_CONVERSION = YES;
				CLANG_WARN_OBJC_ROOT_CLASS = YES_ERROR;
				CLANG_WARN_QUOTED_INCLUDE_IN_FRAMEWORK_HEADER = YES;
				CLANG_WARN_RANGE_LOOP_ANALYSIS = YES;
				CLANG_WARN_STRICT_PROTOTYPES = YES;
				CLANG_WARN_SUSPICIOUS_MOVE = YES;
				CLANG_WARN_UNGUARDED_AVAILABILITY = YES_AGGRESSIVE;
				CLANG_WARN_UNREACHABLE_CODE = YES;
				CLANG_WARN__DUPLICATE_METHOD_MATCH = YES;
				COPY_PHASE_STRIP = NO;
				DEBUG_INFORMATION_FORMAT = dwarf;
				ENABLE_STRICT_OBJC_MSGSEND = YES;
				ENABLE_TESTABILITY = YES;
				GCC_C_LANGUAGE_STANDARD = gnu11;
				GCC_DYNAMIC_NO_PIC = NO;
				GCC_NO_COMMON_BLOCKS = YES;
				GCC_OPTIMIZATION_LEVEL = 0;
				GCC_PREPROCESSOR_DEFINITIONS = (
					"DEBUG=1",
					"$(inherited)",
				);
				GCC_WARN_64_TO_32_BIT_CONVERSION = YES;
				GCC_WARN_ABOUT_RETURN_TYPE = YES_ERROR;
				GCC_WARN_UNDECLARED_SELECTOR = YES;
				GCC_WARN_UNINITIALIZED_AUTOS = YES_AGGRESSIVE;
				GCC_WARN_UNUSED_FUNCTION = YES;
				GCC_WARN_UNUSED_VARIABLE = YES;
				IPHONEOS_DEPLOYMENT_TARGET = 16.2;
				MTL_ENABLE_DEBUG_INFO = INCLUDE_SOURCE;
				MTL_FAST_MATH = YES;
				ONLY_ACTIVE_ARCH = YES;
				SDKROOT = iphoneos;
				SWIFT_ACTIVE_COMPILATION_CONDITIONS = DEBUG;
				SWIFT_OPTIMIZATION_LEVEL = "-Onone";
			};
			name = Debug;
		};
		DFF4B58A2C53F9BC00708BB8 /* Release */ = {
			isa = XCBuildConfiguration;
			buildSettings = {
				ALWAYS_SEARCH_USER_PATHS = NO;
				CLANG_ANALYZER_NONNULL = YES;
				CLANG_ANALYZER_NUMBER_OBJECT_CONVERSION = YES_AGGRESSIVE;
				CLANG_CXX_LANGUAGE_STANDARD = "gnu++20";
				CLANG_ENABLE_MODULES = YES;
				CLANG_ENABLE_OBJC_ARC = YES;
				CLANG_ENABLE_OBJC_WEAK = YES;
				CLANG_WARN_BLOCK_CAPTURE_AUTORELEASING = YES;
				CLANG_WARN_BOOL_CONVERSION = YES;
				CLANG_WARN_COMMA = YES;
				CLANG_WARN_CONSTANT_CONVERSION = YES;
				CLANG_WARN_DEPRECATED_OBJC_IMPLEMENTATIONS = YES;
				CLANG_WARN_DIRECT_OBJC_ISA_USAGE = YES_ERROR;
				CLANG_WARN_DOCUMENTATION_COMMENTS = YES;
				CLANG_WARN_EMPTY_BODY = YES;
				CLANG_WARN_ENUM_CONVERSION = YES;
				CLANG_WARN_INFINITE_RECURSION = YES;
				CLANG_WARN_INT_CONVERSION = YES;
				CLANG_WARN_NON_LITERAL_NULL_CONVERSION = YES;
				CLANG_WARN_OBJC_IMPLICIT_RETAIN_SELF = YES;
				CLANG_WARN_OBJC_LITERAL_CONVERSION = YES;
				CLANG_WARN_OBJC_ROOT_CLASS = YES_ERROR;
				CLANG_WARN_QUOTED_INCLUDE_IN_FRAMEWORK_HEADER = YES;
				CLANG_WARN_RANGE_LOOP_ANALYSIS = YES;
				CLANG_WARN_STRICT_PROTOTYPES = YES;
				CLANG_WARN_SUSPICIOUS_MOVE = YES;
				CLANG_WARN_UNGUARDED_AVAILABILITY = YES_AGGRESSIVE;
				CLANG_WARN_UNREACHABLE_CODE = YES;
				CLANG_WARN__DUPLICATE_METHOD_MATCH = YES;
				COPY_PHASE_STRIP = NO;
				DEBUG_INFORMATION_FORMAT = "dwarf-with-dsym";
				ENABLE_NS_ASSERTIONS = NO;
				ENABLE_STRICT_OBJC_MSGSEND = YES;
				GCC_C_LANGUAGE_STANDARD = gnu11;
				GCC_NO_COMMON_BLOCKS = YES;
				GCC_WARN_64_TO_32_BIT_CONVERSION = YES;
				GCC_WARN_ABOUT_RETURN_TYPE = YES_ERROR;
				GCC_WARN_UNDECLARED_SELECTOR = YES;
				GCC_WARN_UNINITIALIZED_AUTOS = YES_AGGRESSIVE;
				GCC_WARN_UNUSED_FUNCTION = YES;
				GCC_WARN_UNUSED_VARIABLE = YES;
				IPHONEOS_DEPLOYMENT_TARGET = 16.2;
				MTL_ENABLE_DEBUG_INFO = NO;
				MTL_FAST_MATH = YES;
				SDKROOT = iphoneos;
				SWIFT_COMPILATION_MODE = wholemodule;
				SWIFT_OPTIMIZATION_LEVEL = "-O";
				VALIDATE_PRODUCT = YES;
			};
			name = Release;
		};
		DFF4B58C2C53F9BC00708BB8 /* Debug */ = {
			isa = XCBuildConfiguration;
			buildSettings = {
				ASSETCATALOG_COMPILER_APPICON_NAME = AppIcon;
				ASSETCATALOG_COMPILER_GLOBAL_ACCENT_COLOR_NAME = AccentColor;
				CODE_SIGN_STYLE = Automatic;
				CURRENT_PROJECT_VERSION = 1;
				DEVELOPMENT_ASSET_PATHS = "\"FitnessApp/Preview Content\"";
				DEVELOPMENT_TEAM = 6BAF7M45BT;
				ENABLE_PREVIEWS = YES;
				GENERATE_INFOPLIST_FILE = YES;
				INFOPLIST_KEY_UIApplicationSceneManifest_Generation = YES;
				INFOPLIST_KEY_UIApplicationSupportsIndirectInputEvents = YES;
				INFOPLIST_KEY_UILaunchScreen_Generation = YES;
				INFOPLIST_KEY_UISupportedInterfaceOrientations_iPad = "UIInterfaceOrientationPortrait UIInterfaceOrientationPortraitUpsideDown UIInterfaceOrientationLandscapeLeft UIInterfaceOrientationLandscapeRight";
				INFOPLIST_KEY_UISupportedInterfaceOrientations_iPhone = "UIInterfaceOrientationPortrait UIInterfaceOrientationLandscapeLeft UIInterfaceOrientationLandscapeRight";
				LD_RUNPATH_SEARCH_PATHS = (
					"$(inherited)",
					"@executable_path/Frameworks",
				);
				MARKETING_VERSION = 1.0;
				PRODUCT_BUNDLE_IDENTIFIER = com.poonammittal.FitnessApp;
				PRODUCT_NAME = "$(TARGET_NAME)";
				SWIFT_EMIT_LOC_STRINGS = YES;
				SWIFT_VERSION = 5.0;
				TARGETED_DEVICE_FAMILY = "1,2";
			};
			name = Debug;
		};
		DFF4B58D2C53F9BC00708BB8 /* Release */ = {
			isa = XCBuildConfiguration;
			buildSettings = {
				ASSETCATALOG_COMPILER_APPICON_NAME = AppIcon;
				ASSETCATALOG_COMPILER_GLOBAL_ACCENT_COLOR_NAME = AccentColor;
				CODE_SIGN_STYLE = Automatic;
				CURRENT_PROJECT_VERSION = 1;
				DEVELOPMENT_ASSET_PATHS = "\"FitnessApp/Preview Content\"";
				DEVELOPMENT_TEAM = 6BAF7M45BT;
				ENABLE_PREVIEWS = YES;
				GENERATE_INFOPLIST_FILE = YES;
				INFOPLIST_KEY_UIApplicationSceneManifest_Generation = YES;
				INFOPLIST_KEY_UIApplicationSupportsIndirectInputEvents = YES;
				INFOPLIST_KEY_UILaunchScreen_Generation = YES;
				INFOPLIST_KEY_UISupportedInterfaceOrientations_iPad = "UIInterfaceOrientationPortrait UIInterfaceOrientationPortraitUpsideDown UIInterfaceOrientationLandscapeLeft UIInterfaceOrientationLandscapeRight";
				INFOPLIST_KEY_UISupportedInterfaceOrientations_iPhone = "UIInterfaceOrientationPortrait UIInterfaceOrientationLandscapeLeft UIInterfaceOrientationLandscapeRight";
				LD_RUNPATH_SEARCH_PATHS = (
					"$(inherited)",
					"@executable_path/Frameworks",
				);
				MARKETING_VERSION = 1.0;
				PRODUCT_BUNDLE_IDENTIFIER = com.poonammittal.FitnessApp;
				PRODUCT_NAME = "$(TARGET_NAME)";
				SWIFT_EMIT_LOC_STRINGS = YES;
				SWIFT_VERSION = 5.0;
				TARGETED_DEVICE_FAMILY = "1,2";
			};
			name = Release;
		};
/* End XCBuildConfiguration section */

/* Begin XCConfigurationList section */
		DFF4B5782C53F9BA00708BB8 /* Build configuration list for PBXProject "FitnessApp" */ = {
			isa = XCConfigurationList;
			buildConfigurations = (
				DFF4B5892C53F9BC00708BB8 /* Debug */,
				DFF4B58A2C53F9BC00708BB8 /* Release */,
			);
			defaultConfigurationIsVisible = 0;
			defaultConfigurationName = Release;
		};
		DFF4B58B2C53F9BC00708BB8 /* Build configuration list for PBXNativeTarget "FitnessApp" */ = {
			isa = XCConfigurationList;
			buildConfigurations = (
				DFF4B58C2C53F9BC00708BB8 /* Debug */,
				DFF4B58D2C53F9BC00708BB8 /* Release */,
			);
			defaultConfigurationIsVisible = 0;
			defaultConfigurationName = Release;
		};
/* End XCConfigurationList section */
	};
	rootObject = DFF4B5752C53F9BA00708BB8 /* Project object */;
}
